
Microsoft Visual Studio Solution File, Format Version 12.00
# Visual Studio Version 17
VisualStudioVersion = 17.5.002.0
MinimumVisualStudioVersion = 10.0.40219.1
Project("{9A19103F-16F7-4668-BE54-9A1E7A4F7556}") = "language-ext-tutorials", "language-ext-tutorials.csproj", "{16C8C5F7-BCD8-428C-9BEA-CFCF5F136323}"
EndProject
Global
	GlobalSection(SolutionConfigurationPlatforms) = preSolution
		Debug|Any CPU = Debug|Any CPU
		Release|Any CPU = Release|Any CPU
	EndGlobalSection
	GlobalSection(ProjectConfigurationPlatforms) = postSolution
		{16C8C5F7-BCD8-428C-9BEA-CFCF5F136323}.Debug|Any CPU.ActiveCfg = Debug|Any CPU
		{16C8C5F7-BCD8-428C-9BEA-CFCF5F136323}.Debug|Any CPU.Build.0 = Debug|Any CPU
		{16C8C5F7-BCD8-428C-9BEA-CFCF5F136323}.Release|Any CPU.ActiveCfg = Release|Any CPU
		{16C8C5F7-BCD8-428C-9BEA-CFCF5F136323}.Release|Any CPU.Build.0 = Release|Any CPU
	EndGlobalSection
	GlobalSection(SolutionProperties) = preSolution
		HideSolutionNode = FALSE
	EndGlobalSection
	GlobalSection(ExtensibilityGlobals) = postSolution
		SolutionGuid = {7DAD1583-3DAF-47D9-9784-AA0CDFC9D8D6}
	EndGlobalSection
EndGlobal
